// !$*UTF8*$!
{
	archiveVersion = 1;
	classes = {
	};
	objectVersion = 56;
	objects = {

/* Begin PBXBuildFile section */
		7AA68CE02B042BEE0032DBF5 /* Hacker_NewsApp.swift in Sources */ = {isa = PBXBuildFile; fileRef = 7AA68CDF2B042BEE0032DBF5 /* Hacker_NewsApp.swift */; };
		7AA68CE22B042BEE0032DBF5 /* ContentView.swift in Sources */ = {isa = PBXBuildFile; fileRef = 7AA68CE12B042BEE0032DBF5 /* ContentView.swift */; };
		7AA68CE42B042BF20032DBF5 /* Assets.xcassets in Resources */ = {isa = PBXBuildFile; fileRef = 7AA68CE32B042BF20032DBF5 /* Assets.xcassets */; };
		7AA68CE72B042BF20032DBF5 /* Preview Assets.xcassets in Resources */ = {isa = PBXBuildFile; fileRef = 7AA68CE62B042BF20032DBF5 /* Preview Assets.xcassets */; };
		7AA68CE92B042BF20032DBF5 /* Persistence.swift in Sources */ = {isa = PBXBuildFile; fileRef = 7AA68CE82B042BF20032DBF5 /* Persistence.swift */; };
		7AA68CEC2B042BF20032DBF5 /* Hacker_News.xcdatamodeld in Sources */ = {isa = PBXBuildFile; fileRef = 7AA68CEA2B042BF20032DBF5 /* Hacker_News.xcdatamodeld */; };
		7AA68CF42B048F3E0032DBF5 /* NetworkManager.swift in Sources */ = {isa = PBXBuildFile; fileRef = 7AA68CF32B048F3E0032DBF5 /* NetworkManager.swift */; };
		7AA68CF62B0492B00032DBF5 /* PostData.swift in Sources */ = {isa = PBXBuildFile; fileRef = 7AA68CF52B0492B00032DBF5 /* PostData.swift */; };
		7AA68CF92B04CD960032DBF5 /* DetailView.swift in Sources */ = {isa = PBXBuildFile; fileRef = 7AA68CF82B04CD960032DBF5 /* DetailView.swift */; };
		7AA68CFB2B04E92F0032DBF5 /* WebView.swift in Sources */ = {isa = PBXBuildFile; fileRef = 7AA68CFA2B04E92F0032DBF5 /* WebView.swift */; };
/* End PBXBuildFile section */

/* Begin PBXFileReference section */
		7AA68CDC2B042BEE0032DBF5 /* Hacker News.app */ = {isa = PBXFileReference; explicitFileType = wrapper.application; includeInIndex = 0; path = "Hacker News.app"; sourceTree = BUILT_PRODUCTS_DIR; };
		7AA68CDF2B042BEE0032DBF5 /* Hacker_NewsApp.swift */ = {isa = PBXFileReference; lastKnownFileType = sourcecode.swift; path = Hacker_NewsApp.swift; sourceTree = "<group>"; };
		7AA68CE12B042BEE0032DBF5 /* ContentView.swift */ = {isa = PBXFileReference; lastKnownFileType = sourcecode.swift; path = ContentView.swift; sourceTree = "<group>"; };
		7AA68CE32B042BF20032DBF5 /* Assets.xcassets */ = {isa = PBXFileReference; lastKnownFileType = folder.assetcatalog; path = Assets.xcassets; sourceTree = "<group>"; };
		7AA68CE62B042BF20032DBF5 /* Preview Assets.xcassets */ = {isa = PBXFileReference; lastKnownFileType = folder.assetcatalog; path = "Preview Assets.xcassets"; sourceTree = "<group>"; };
		7AA68CE82B042BF20032DBF5 /* Persistence.swift */ = {isa = PBXFileReference; lastKnownFileType = sourcecode.swift; path = Persistence.swift; sourceTree = "<group>"; };
		7AA68CEB2B042BF20032DBF5 /* Hacker_News.xcdatamodel */ = {isa = PBXFileReference; lastKnownFileType = wrapper.xcdatamodel; path = Hacker_News.xcdatamodel; sourceTree = "<group>"; };
		7AA68CF32B048F3E0032DBF5 /* NetworkManager.swift */ = {isa = PBXFileReference; lastKnownFileType = sourcecode.swift; path = NetworkManager.swift; sourceTree = "<group>"; };
		7AA68CF52B0492B00032DBF5 /* PostData.swift */ = {isa = PBXFileReference; lastKnownFileType = sourcecode.swift; path = PostData.swift; sourceTree = "<group>"; };
		7AA68CF82B04CD960032DBF5 /* DetailView.swift */ = {isa = PBXFileReference; lastKnownFileType = sourcecode.swift; path = DetailView.swift; sourceTree = "<group>"; };
		7AA68CFA2B04E92F0032DBF5 /* WebView.swift */ = {isa = PBXFileReference; lastKnownFileType = sourcecode.swift; path = WebView.swift; sourceTree = "<group>"; };
/* End PBXFileReference section */

/* Begin PBXFrameworksBuildPhase section */
		7AA68CD92B042BEE0032DBF5 /* Frameworks */ = {
			isa = PBXFrameworksBuildPhase;
			buildActionMask = 2147483647;
			files = (
			);
			runOnlyForDeploymentPostprocessing = 0;
		};
/* End PBXFrameworksBuildPhase section */

/* Begin PBXGroup section */
		7AA68CD32B042BEE0032DBF5 = {
			isa = PBXGroup;
			children = (
				7AA68CDE2B042BEE0032DBF5 /* Hacker News */,
				7AA68CDD2B042BEE0032DBF5 /* Products */,
			);
			sourceTree = "<group>";
		};
		7AA68CDD2B042BEE0032DBF5 /* Products */ = {
			isa = PBXGroup;
			children = (
				7AA68CDC2B042BEE0032DBF5 /* Hacker News.app */,
			);
			name = Products;
			sourceTree = "<group>";
		};
		7AA68CDE2B042BEE0032DBF5 /* Hacker News */ = {
			isa = PBXGroup;
			children = (
				7AA68CDF2B042BEE0032DBF5 /* Hacker_NewsApp.swift */,
				7AA68CF72B04CD440032DBF5 /* Views */,
				7AA68CF22B048F2D0032DBF5 /* Models */,
				7AA68CE32B042BF20032DBF5 /* Assets.xcassets */,
				7AA68CE82B042BF20032DBF5 /* Persistence.swift */,
				7AA68CEA2B042BF20032DBF5 /* Hacker_News.xcdatamodeld */,
				7AA68CE52B042BF20032DBF5 /* Preview Content */,
			);
			path = "Hacker News";
			sourceTree = "<group>";
		};
		7AA68CE52B042BF20032DBF5 /* Preview Content */ = {
			isa = PBXGroup;
			children = (
				7AA68CE62B042BF20032DBF5 /* Preview Assets.xcassets */,
			);
			path = "Preview Content";
			sourceTree = "<group>";
		};
		7AA68CF22B048F2D0032DBF5 /* Models */ = {
			isa = PBXGroup;
			children = (
				7AA68CF32B048F3E0032DBF5 /* NetworkManager.swift */,
				7AA68CF52B0492B00032DBF5 /* PostData.swift */,
			);
			path = Models;
			sourceTree = "<group>";
		};
		7AA68CF72B04CD440032DBF5 /* Views */ = {
			isa = PBXGroup;
			children = (
				7AA68CE12B042BEE0032DBF5 /* ContentView.swift */,
				7AA68CF82B04CD960032DBF5 /* DetailView.swift */,
				7AA68CFA2B04E92F0032DBF5 /* WebView.swift */,
			);
			path = Views;
			sourceTree = "<group>";
		};
/* End PBXGroup section */

/* Begin PBXNativeTarget section */
		7AA68CDB2B042BEE0032DBF5 /* Hacker News */ = {
			isa = PBXNativeTarget;
			buildConfigurationList = 7AA68CEF2B042BF20032DBF5 /* Build configuration list for PBXNativeTarget "Hacker News" */;
			buildPhases = (
				7AA68CD82B042BEE0032DBF5 /* Sources */,
				7AA68CD92B042BEE0032DBF5 /* Frameworks */,
				7AA68CDA2B042BEE0032DBF5 /* Resources */,
			);
			buildRules = (
			);
			dependencies = (
			);
			name = "Hacker News";
			productName = "Hacker News";
			productReference = 7AA68CDC2B042BEE0032DBF5 /* Hacker News.app */;
			productType = "com.apple.product-type.application";
		};
/* End PBXNativeTarget section */

/* Begin PBXProject section */
		7AA68CD42B042BEE0032DBF5 /* Project object */ = {
			isa = PBXProject;
			attributes = {
				BuildIndependentTargetsInParallel = 1;
				LastSwiftUpdateCheck = 1500;
				LastUpgradeCheck = 1500;
				TargetAttributes = {
					7AA68CDB2B042BEE0032DBF5 = {
						CreatedOnToolsVersion = 15.0.1;
					};
				};
			};
			buildConfigurationList = 7AA68CD72B042BEE0032DBF5 /* Build configuration list for PBXProject "Hacker News" */;
			compatibilityVersion = "Xcode 14.0";
			developmentRegion = en;
			hasScannedForEncodings = 0;
			knownRegions = (
				en,
				Base,
			);
			mainGroup = 7AA68CD32B042BEE0032DBF5;
			productRefGroup = 7AA68CDD2B042BEE0032DBF5 /* Products */;
			projectDirPath = "";
			projectRoot = "";
			targets = (
				7AA68CDB2B042BEE0032DBF5 /* Hacker News */,
			);
		};
/* End PBXProject section */

/* Begin PBXResourcesBuildPhase section */
		7AA68CDA2B042BEE0032DBF5 /* Resources */ = {
			isa = PBXResourcesBuildPhase;
			buildActionMask = 2147483647;
			files = (
				7AA68CE72B042BF20032DBF5 /* Preview Assets.xcassets in Resources */,
				7AA68CE42B042BF20032DBF5 /* Assets.xcassets in Resources */,
			);
			runOnlyForDeploymentPostprocessing = 0;
		};
/* End PBXResourcesBuildPhase section */

/* Begin PBXSourcesBuildPhase section */
		7AA68CD82B042BEE0032DBF5 /* Sources */ = {
			isa = PBXSourcesBuildPhase;
			buildActionMask = 2147483647;
			files = (
				7AA68CE92B042BF20032DBF5 /* Persistence.swift in Sources */,
				7AA68CFB2B04E92F0032DBF5 /* WebView.swift in Sources */,
				7AA68CF62B0492B00032DBF5 /* PostData.swift in Sources */,
				7AA68CE22B042BEE0032DBF5 /* ContentView.swift in Sources */,
				7AA68CF92B04CD960032DBF5 /* DetailView.swift in Sources */,
				7AA68CF42B048F3E0032DBF5 /* NetworkManager.swift in Sources */,
				7AA68CEC2B042BF20032DBF5 /* Hacker_News.xcdatamodeld in Sources */,
				7AA68CE02B042BEE0032DBF5 /* Hacker_NewsApp.swift in Sources */,
			);
			runOnlyForDeploymentPostprocessing = 0;
		};
/* End PBXSourcesBuildPhase section */

/* Begin XCBuildConfiguration section */
		7AA68CED2B042BF20032DBF5 /* Debug */ = {
			isa = XCBuildConfiguration;
			buildSettings = {
				ALWAYS_SEARCH_USER_PATHS = NO;
				ASSETCATALOG_COMPILER_GENERATE_SWIFT_ASSET_SYMBOL_EXTENSIONS = YES;
				CLANG_ANALYZER_NONNULL = YES;
				CLANG_ANALYZER_NUMBER_OBJECT_CONVERSION = YES_AGGRESSIVE;
				CLANG_CXX_LANGUAGE_STANDARD = "gnu++20";
				CLANG_ENABLE_MODULES = YES;
				CLANG_ENABLE_OBJC_ARC = YES;
				CLANG_ENABLE_OBJC_WEAK = YES;
				CLANG_WARN_BLOCK_CAPTURE_AUTORELEASING = YES;
				CLANG_WARN_BOOL_CONVERSION = YES;
				CLANG_WARN_COMMA = YES;
				CLANG_WARN_CONSTANT_CONVERSION = YES;
				CLANG_WARN_DEPRECATED_OBJC_IMPLEMENTATIONS = YES;
				CLANG_WARN_DIRECT_OBJC_ISA_USAGE = YES_ERROR;
				CLANG_WARN_DOCUMENTATION_COMMENTS = YES;
				CLANG_WARN_EMPTY_BODY = YES;
				CLANG_WARN_ENUM_CONVERSION = YES;
				CLANG_WARN_INFINITE_RECURSION = YES;
				CLANG_WARN_INT_CONVERSION = YES;
				CLANG_WARN_NON_LITERAL_NULL_CONVERSION = YES;
				CLANG_WARN_OBJC_IMPLICIT_RETAIN_SELF = YES;
				CLANG_WARN_OBJC_LITERAL_CONVERSION = YES;
				CLANG_WARN_OBJC_ROOT_CLASS = YES_ERROR;
				CLANG_WARN_QUOTED_INCLUDE_IN_FRAMEWORK_HEADER = YES;
				CLANG_WARN_RANGE_LOOP_ANALYSIS = YES;
				CLANG_WARN_STRICT_PROTOTYPES = YES;
				CLANG_WARN_SUSPICIOUS_MOVE = YES;
				CLANG_WARN_UNGUARDED_AVAILABILITY = YES_AGGRESSIVE;
				CLANG_WARN_UNREACHABLE_CODE = YES;
				CLANG_WARN__DUPLICATE_METHOD_MATCH = YES;
				COPY_PHASE_STRIP = NO;
				DEBUG_INFORMATION_FORMAT = dwarf;
				ENABLE_STRICT_OBJC_MSGSEND = YES;
				ENABLE_TESTABILITY = YES;
				ENABLE_USER_SCRIPT_SANDBOXING = YES;
				GCC_C_LANGUAGE_STANDARD = gnu17;
				GCC_DYNAMIC_NO_PIC = NO;
				GCC_NO_COMMON_BLOCKS = YES;
				GCC_OPTIMIZATION_LEVEL = 0;
				GCC_PREPROCESSOR_DEFINITIONS = (
					"DEBUG=1",
					"$(inherited)",
				);
				GCC_WARN_64_TO_32_BIT_CONVERSION = YES;
				GCC_WARN_ABOUT_RETURN_TYPE = YES_ERROR;
				GCC_WARN_UNDECLARED_SELECTOR = YES;
				GCC_WARN_UNINITIALIZED_AUTOS = YES_AGGRESSIVE;
				GCC_WARN_UNUSED_FUNCTION = YES;
				GCC_WARN_UNUSED_VARIABLE = YES;
				IPHONEOS_DEPLOYMENT_TARGET = 17.0;
				LOCALIZATION_PREFERS_STRING_CATALOGS = YES;
				MTL_ENABLE_DEBUG_INFO = INCLUDE_SOURCE;
				MTL_FAST_MATH = YES;
				ONLY_ACTIVE_ARCH = YES;
				SDKROOT = iphoneos;
				SWIFT_ACTIVE_COMPILATION_CONDITIONS = "DEBUG $(inherited)";
				SWIFT_OPTIMIZATION_LEVEL = "-Onone";
			};
			name = Debug;
		};
		7AA68CEE2B042BF20032DBF5 /* Release */ = {
			isa = XCBuildConfiguration;
			buildSettings = {
				ALWAYS_SEARCH_USER_PATHS = NO;
				ASSETCATALOG_COMPILER_GENERATE_SWIFT_ASSET_SYMBOL_EXTENSIONS = YES;
				CLANG_ANALYZER_NONNULL = YES;
				CLANG_ANALYZER_NUMBER_OBJECT_CONVERSION = YES_AGGRESSIVE;
				CLANG_CXX_LANGUAGE_STANDARD = "gnu++20";
				CLANG_ENABLE_MODULES = YES;
				CLANG_ENABLE_OBJC_ARC = YES;
				CLANG_ENABLE_OBJC_WEAK = YES;
				CLANG_WARN_BLOCK_CAPTURE_AUTORELEASING = YES;
				CLANG_WARN_BOOL_CONVERSION = YES;
				CLANG_WARN_COMMA = YES;
				CLANG_WARN_CONSTANT_CONVERSION = YES;
				CLANG_WARN_DEPRECATED_OBJC_IMPLEMENTATIONS = YES;
				CLANG_WARN_DIRECT_OBJC_ISA_USAGE = YES_ERROR;
				CLANG_WARN_DOCUMENTATION_COMMENTS = YES;
				CLANG_WARN_EMPTY_BODY = YES;
				CLANG_WARN_ENUM_CONVERSION = YES;
				CLANG_WARN_INFINITE_RECURSION = YES;
				CLANG_WARN_INT_CONVERSION = YES;
				CLANG_WARN_NON_LITERAL_NULL_CONVERSION = YES;
				CLANG_WARN_OBJC_IMPLICIT_RETAIN_SELF = YES;
				CLANG_WARN_OBJC_LITERAL_CONVERSION = YES;
				CLANG_WARN_OBJC_ROOT_CLASS = YES_ERROR;
				CLANG_WARN_QUOTED_INCLUDE_IN_FRAMEWORK_HEADER = YES;
				CLANG_WARN_RANGE_LOOP_ANALYSIS = YES;
				CLANG_WARN_STRICT_PROTOTYPES = YES;
				CLANG_WARN_SUSPICIOUS_MOVE = YES;
				CLANG_WARN_UNGUARDED_AVAILABILITY = YES_AGGRESSIVE;
				CLANG_WARN_UNREACHABLE_CODE = YES;
				CLANG_WARN__DUPLICATE_METHOD_MATCH = YES;
				COPY_PHASE_STRIP = NO;
				DEBUG_INFORMATION_FORMAT = "dwarf-with-dsym";
				ENABLE_NS_ASSERTIONS = NO;
				ENABLE_STRICT_OBJC_MSGSEND = YES;
				ENABLE_USER_SCRIPT_SANDBOXING = YES;
				GCC_C_LANGUAGE_STANDARD = gnu17;
				GCC_NO_COMMON_BLOCKS = YES;
				GCC_WARN_64_TO_32_BIT_CONVERSION = YES;
				GCC_WARN_ABOUT_RETURN_TYPE = YES_ERROR;
				GCC_WARN_UNDECLARED_SELECTOR = YES;
				GCC_WARN_UNINITIALIZED_AUTOS = YES_AGGRESSIVE;
				GCC_WARN_UNUSED_FUNCTION = YES;
				GCC_WARN_UNUSED_VARIABLE = YES;
				IPHONEOS_DEPLOYMENT_TARGET = 17.0;
				LOCALIZATION_PREFERS_STRING_CATALOGS = YES;
				MTL_ENABLE_DEBUG_INFO = NO;
				MTL_FAST_MATH = YES;
				SDKROOT = iphoneos;
				SWIFT_COMPILATION_MODE = wholemodule;
				VALIDATE_PRODUCT = YES;
			};
			name = Release;
		};
		7AA68CF02B042BF20032DBF5 /* Debug */ = {
			isa = XCBuildConfiguration;
			buildSettings = {
				ASSETCATALOG_COMPILER_APPICON_NAME = AppIcon;
				ASSETCATALOG_COMPILER_GLOBAL_ACCENT_COLOR_NAME = AccentColor;
				CODE_SIGN_STYLE = Automatic;
				CURRENT_PROJECT_VERSION = 1;
				DEVELOPMENT_ASSET_PATHS = "\"Hacker News/Preview Content\"";
				ENABLE_PREVIEWS = YES;
				GENERATE_INFOPLIST_FILE = YES;
				INFOPLIST_KEY_UIApplicationSceneManifest_Generation = YES;
				INFOPLIST_KEY_UIApplicationSupportsIndirectInputEvents = YES;
				INFOPLIST_KEY_UILaunchScreen_Generation = YES;
				INFOPLIST_KEY_UISupportedInterfaceOrientations_iPad = "UIInterfaceOrientationPortrait UIInterfaceOrientationPortraitUpsideDown UIInterfaceOrientationLandscapeLeft UIInterfaceOrientationLandscapeRight";
				INFOPLIST_KEY_UISupportedInterfaceOrientations_iPhone = "UIInterfaceOrientationPortrait UIInterfaceOrientationLandscapeLeft UIInterfaceOrientationLandscapeRight";
				LD_RUNPATH_SEARCH_PATHS = (
					"$(inherited)",
					"@executable_path/Frameworks",
				);
				MARKETING_VERSION = 1.0;
				PRODUCT_BUNDLE_IDENTIFIER = "com.soham.Hacker-News";
				PRODUCT_NAME = "$(TARGET_NAME)";
				SWIFT_EMIT_LOC_STRINGS = YES;
				SWIFT_VERSION = 5.0;
				TARGETED_DEVICE_FAMILY = "1,2";
			};
			name = Debug;
		};
		7AA68CF12B042BF20032DBF5 /* Release */ = {
			isa = XCBuildConfiguration;
			buildSettings = {
				ASSETCATALOG_COMPILER_APPICON_NAME = AppIcon;
				ASSETCATALOG_COMPILER_GLOBAL_ACCENT_COLOR_NAME = AccentColor;
				CODE_SIGN_STYLE = Automatic;
				CURRENT_PROJECT_VERSION = 1;
				DEVELOPMENT_ASSET_PATHS = "\"Hacker News/Preview Content\"";
				ENABLE_PREVIEWS = YES;
				GENERATE_INFOPLIST_FILE = YES;
				INFOPLIST_KEY_UIApplicationSceneManifest_Generation = YES;
				INFOPLIST_KEY_UIApplicationSupportsIndirectInputEvents = YES;
				INFOPLIST_KEY_UILaunchScreen_Generation = YES;
				INFOPLIST_KEY_UISupportedInterfaceOrientations_iPad = "UIInterfaceOrientationPortrait UIInterfaceOrientationPortraitUpsideDown UIInterfaceOrientationLandscapeLeft UIInterfaceOrientationLandscapeRight";
				INFOPLIST_KEY_UISupportedInterfaceOrientations_iPhone = "UIInterfaceOrientationPortrait UIInterfaceOrientationLandscapeLeft UIInterfaceOrientationLandscapeRight";
				LD_RUNPATH_SEARCH_PATHS = (
					"$(inherited)",
					"@executable_path/Frameworks",
				);
				MARKETING_VERSION = 1.0;
				PRODUCT_BUNDLE_IDENTIFIER = "com.soham.Hacker-News";
				PRODUCT_NAME = "$(TARGET_NAME)";
				SWIFT_EMIT_LOC_STRINGS = YES;
				SWIFT_VERSION = 5.0;
				TARGETED_DEVICE_FAMILY = "1,2";
			};
			name = Release;
		};
/* End XCBuildConfiguration section */

/* Begin XCConfigurationList section */
		7AA68CD72B042BEE0032DBF5 /* Build configuration list for PBXProject "Hacker News" */ = {
			isa = XCConfigurationList;
			buildConfigurations = (
				7AA68CED2B042BF20032DBF5 /* Debug */,
				7AA68CEE2B042BF20032DBF5 /* Release */,
			);
			defaultConfigurationIsVisible = 0;
			defaultConfigurationName = Release;
		};
		7AA68CEF2B042BF20032DBF5 /* Build configuration list for PBXNativeTarget "Hacker News" */ = {
			isa = XCConfigurationList;
			buildConfigurations = (
				7AA68CF02B042BF20032DBF5 /* Debug */,
				7AA68CF12B042BF20032DBF5 /* Release */,
			);
			defaultConfigurationIsVisible = 0;
			defaultConfigurationName = Release;
		};
/* End XCConfigurationList section */

/* Begin XCVersionGroup section */
		7AA68CEA2B042BF20032DBF5 /* Hacker_News.xcdatamodeld */ = {
			isa = XCVersionGroup;
			children = (
				7AA68CEB2B042BF20032DBF5 /* Hacker_News.xcdatamodel */,
			);
			currentVersion = 7AA68CEB2B042BF20032DBF5 /* Hacker_News.xcdatamodel */;
			path = Hacker_News.xcdatamodeld;
			sourceTree = "<group>";
			versionGroupType = wrapper.xcdatamodel;
		};
/* End XCVersionGroup section */
	};
	rootObject = 7AA68CD42B042BEE0032DBF5 /* Project object */;
}
